<?xml version="1.0" encoding="UTF-8" standalone="yes" ?>
<CodeBlocks_project_file>
	<FileVersion major="1" minor="6" />
	<Project>
		<Option title="RestPoint" />
		<Option pch_mode="2" />
		<Option compiler="gcc" />
		<Build>
			<Target title="Debug">
				<Option output="bin/Debug/RestPoint" prefix_auto="1" extension_auto="1" />
				<Option object_output="obj/Debug/" />
				<Option type="0" />
				<Option compiler="gcc" />
				<Option projectLinkerOptionsRelation="2" />
				<Compiler>
					<Add option="-std=c++11" />
					<Add option="-g" />
					<Add option="-D__WXDEBUG__" />
					<Add directory="C:/wxWidgets/include/wx-3.1" />
					<Add directory="C:/wxWidgets/lib/wx/include/msw-unicode-3.1" />
				</Compiler>
				<ResourceCompiler>
					<Add directory="C:/wxWidgets/include/wx-3.1" />
				</ResourceCompiler>
				<Linker>
					<Add library="C:/wxWidgets/lib/libwx_baseud_xml-3.1.dll.a" />
					<Add library="C:/wxWidgets/lib/libwx_baseud-3.1.dll.a" />
					<Add library="C:/wxWidgets/lib/libwx_mswud_core-3.1.dll.a" />
					<Add directory="C:/wxWidgets/lib" />
				</Linker>
			</Target>
			<Target title="Release">
				<Option output="bin/Release/RestPoint" prefix_auto="1" extension_auto="1" />
				<Option object_output="obj/Release/" />
				<Option type="0" />
				<Option compiler="gcc" />
				<Option projectLinkerOptionsRelation="2" />
				<Compiler>
					<Add option="-O2" />
					<Add directory="C:/wxWidgets/lib/gcc_dll/msw" />
				</Compiler>
				<ResourceCompiler>
					<Add directory="C:/wxWidgets/lib/gcc_dll/msw" />
				</ResourceCompiler>
				<Linker>
					<Add option="-s" />
					<Add library="libwxmsw30_core.a" />
					<Add library="libwxbase30.a" />
					<Add library="libwxpng.a" />
					<Add library="libwxzlib.a" />
					<Add directory="C:/wxWidgets/lib/gcc_dll" />
				</Linker>
			</Target>
		</Build>
		<Compiler>
			<Add option="-Wall" />
			<Add option="-std=c++11" />
			<Add option="-pipe" />
			<Add option="-mthreads" />
			<Add option="-D__GNUWIN32__" />
			<Add option="-D__WXMSW__" />
			<Add option="-DWXUSINGDLL" />
		</Compiler>
		<Linker>
			<Add option="-mthreads" />
		</Linker>
		<Unit filename="resource.rc">
			<Option compilerVar="WINDRES" />
			<Option compile="0" />
			<Option link="0" />
		</Unit>
		<Unit filename="src/MainFrame.cpp" />
		<Unit filename="src/MainFrame.h" />
		<Unit filename="src/Tree/cWXTreeCtrl.cpp" />
		<Unit filename="src/Tree/cWXTreeCtrl.h" />
		<Unit filename="src/config.cpp" />
		<Unit filename="src/config.h" />
		<Unit filename="src/filesystem/rapidxml.hpp" />
		<Unit filename="src/filesystem/rapidxml_iterators.hpp" />
		<Unit filename="src/filesystem/rapidxml_print.hpp" />
		<Unit filename="src/filesystem/rapidxml_utils.hpp" />
		<Unit filename="src/main.cpp" />
		<Unit filename="src/math/geometry.cpp" />
		<Unit filename="src/math/geometry.h" />
		<Unit filename="src/nodes/c4PolgoneRectangle.cpp" />
		<Unit filename="src/nodes/c4PolgoneRectangle.hpp" />
		<Unit filename="src/nodes/cBookingNode.cpp" />
		<Unit filename="src/nodes/cBookingNode.hpp" />
		<Unit filename="src/nodes/cChairNode.cpp" />
		<Unit filename="src/nodes/cChairNode.hpp" />
		<Unit filename="src/nodes/cLevelNode.cpp" />
		<Unit filename="src/nodes/cLevelNode.hpp" />
		<Unit filename="src/nodes/cLevelsNode.cpp" />
		<Unit filename="src/nodes/cLevelsNode.hpp" />
		<Unit filename="src/nodes/cLinkerNode.cpp" />
		<Unit filename="src/nodes/cLinkerNode.hpp" />
		<Unit filename="src/nodes/cMenuItemNode.cpp" />
		<Unit filename="src/nodes/cMenuItemNode.hpp" />
		<Unit filename="src/nodes/cMenuOptionNode.cpp" />
		<Unit filename="src/nodes/cMenuOptionNode.hpp" />
		<Unit filename="src/nodes/cMenuesNode.cpp" />
		<Unit filename="src/nodes/cMenusNode.hpp" />
		<Unit filename="src/nodes/cPropertyNode.cpp" />
		<Unit filename="src/nodes/cPropertyNode.hpp" />
		<Unit filename="src/nodes/cSettingsNode.cpp" />
		<Unit filename="src/nodes/cSettingsNode.h" />
		<Unit filename="src/nodes/cTableNode.cpp" />
		<Unit filename="src/nodes/cTableNode.hpp" />
		<Unit filename="src/nodes/cTreeNode.cpp" />
		<Unit filename="src/nodes/cTreeNode.hpp" />
		<Unit filename="src/sqlite/gj_mysql.cpp" />
		<Unit filename="src/sqlite/gj_mysql.hpp" />
		<Unit filename="src/sqlite/sqlite3.c">
			<Option compilerVar="CC" />
		</Unit>
		<Unit filename="src/sqlite/sqlite3.h" />
		<Unit filename="src/sqlite/sqlite3ext.h" />
		<Unit filename="src/wxbookingsdialog.cpp" />
		<Unit filename="src/wxbookingsdialog.hpp" />
		<Unit filename="src/wxcrafter.cpp" />
		<Unit filename="src/wxcrafter.h" />
		<Unit filename="src/wxcrafter_bitmaps.cpp" />
		<Unit filename="src/wxtextinputdialog.cpp" />
		<Unit filename="src/wxtextinputdialog.hpp" />
		<Extensions>
			<lib_finder disable_auto="1" />
			<wxsmith version="1">
				<gui name="wxWidgets" src="RestPointApp.cpp" main="RestPointFrame" init_handlers="necessary" language="CPP" />
				<resources>
					<wxFrame wxs="wxsmith/RestPointframe.wxs" src="RestPointMain.cpp" hdr="RestPointMain.h" fwddecl="0" i18n="1" name="RestPointFrame" language="CPP" />
				</resources>
			</wxsmith>
		</Extensions>
	</Project>
</CodeBlocks_project_file>
